PackratFormat: 1.4
PackratVersion: 0.5.0
RVersion: 3.5.3
Repos: TERCEN=https://cran.tercen.com/api/v1/rlib/tercen,
    CRAN=https://cran.tercen.com/api/v1/rlib/CRAN,
    BioCsoft=https://cran.tercen.com/api/v1/rlib/BioCsoft-3.8,
    BioCann=https://cran.tercen.com/api/v1/rlib/BioCann-3.8,
    BioCexp=https://cran.tercen.com/api/v1/rlib/BioCexp-3.8,
    BioCworkflows=https://cran.tercen.com/api/v1/rlib/BioCworkflows-3.8

Package: BH
Source: CRAN
Version: 1.69.0-1
Hash: 15f597ed227897f4f793b6161260f4b9

Package: R6
Source: CRAN
Version: 2.4.1
Hash: b488861d8c3dfac497e041ec911df9fb

Package: Rcpp
Source: CRAN
Version: 1.0.3
Hash: 99f6a1855b2f9434e1399d565d2ed9df

Package: assertthat
Source: CRAN
Version: 0.2.1
Hash: 622be49032fe50bd42e96aaef613e209

Package: backports
Source: CRAN
Version: 1.1.5
Hash: 35ad64fcf2063e2a52031b0f1a59d8f0

Package: cli
Source: CRAN
Version: 2.0.1
Hash: 8e710a5f3177f1db9c6138e1dcbdfc30
Requires: assertthat, crayon, fansi, glue

Package: crayon
Source: CRAN
Version: 1.3.4
Hash: ff2840dd9b0d563fc80377a5a45510cd

Package: digest
Source: CRAN
Version: 0.6.23
Hash: 7ec748e53ca45166e0824224421529ad

Package: dplyr
Source: CRAN
Version: 0.8.0.1
Hash: 279bc9d2c0a8fe12b20960280da9019a
Requires: BH, R6, Rcpp, assertthat, glue, magrittr, pkgconfig, plogr,
    rlang, tibble, tidyselect

Package: ellipsis
Source: CRAN
Version: 0.3.0
Hash: 30b58109e4d7c6184a9c2e32f9ae38c6
Requires: rlang

Package: fansi
Source: CRAN
Version: 0.4.1
Hash: fc0a252b8e427847d13e89f56ab4665e

Package: glue
Source: CRAN
Version: 1.3.1
Hash: 660bbbe3803c7cf7c9489a7d99a9c0ed

Package: magrittr
Source: CRAN
Version: 1.5
Hash: bdc4d48c3135e8f3b399536ddf160df4

Package: mtercen
Source: CRAN
Version: 1.0.7
Hash: 9488424fa6e1c58720392e58da7884bf

Package: packrat
Source: CRAN
Version: 0.5.0
Hash: 498643e765d1442ba7b1160a1df3abf9

Package: pillar
Source: CRAN
Version: 1.4.3
Hash: 64ebcd61a33f2bd9059ffa8a323fd620
Requires: cli, crayon, fansi, rlang, utf8, vctrs

Package: pkgconfig
Source: CRAN
Version: 2.0.3
Hash: 5ff5f2361851a49534c96caa2a8071c7

Package: plogr
Source: CRAN
Version: 0.2.0
Hash: 81a8008a5e7858552503935f1abe48aa

Package: purrr
Source: CRAN
Version: 0.3.2
Hash: d7bb7f62bb3af2d6510f50cb7190a060
Requires: magrittr, rlang

Package: rlang
Source: CRAN
Version: 0.4.2
Hash: c5cfcde637bbff4e42edad2e69dac5c7

Package: teRcenHttp
Source: CRAN
Version: 1.0.14
Hash: 69749bf4d3ebe09af9ae377024dca718

Package: tercen
Source: CRAN
Version: 0.9.5
Hash: a45dd56f68afef2156e8818915847f33
Requires: R6, dplyr, tibble, yaml, mtercen, teRcenHttp

Package: tibble
Source: CRAN
Version: 2.1.3
Hash: f59680d81ddc45fa3fcb8c07686d1d89
Requires: cli, crayon, fansi, pillar, pkgconfig, rlang

Package: tidyselect
Source: CRAN
Version: 0.2.5
Hash: 5cbca8a84b427f46bea4ee5c6c7fe36e
Requires: Rcpp, glue, purrr, rlang

Package: utf8
Source: CRAN
Version: 1.1.4
Hash: f3f97ce59092abc8ed3fd098a59e236c

Package: vctrs
Source: CRAN
Version: 0.2.1
Hash: 8ba1577e36ecf03aed0660c019fe7097
Requires: backports, digest, ellipsis, glue, rlang, zeallot

Package: yaml
Source: CRAN
Version: 2.2.0
Hash: a5ad5616d83d89f8d84cbf3cf4034e13

Package: zeallot
Source: CRAN
Version: 0.1.0
Hash: 10b2ed48e202b4db421ae864041dc4b2
